
Microsoft Visual Studio Solution File, Format Version 12.00
Project("{2150E333-8FDC-42A3-9474-1A3956D46DE8}") = "src", "src", "{768F93FA-CA7A-4828-8ECA-BC4EF5433811}"
EndProject
Project("{FAE04EC0-301F-11D3-BF4B-00C04F79EFBC}") = "AlphaVantage.Net.Stocks", "src\AlphaVantage.Net.Stocks\AlphaVantage.Net.Stocks.csproj", "{6A482C82-3191-4026-9284-2A02DE195A8D}"
EndProject
Project("{FAE04EC0-301F-11D3-BF4B-00C04F79EFBC}") = "AlphaVantage.Net.Core", "src\AlphaVantage.Net.Core\AlphaVantage.Net.Core.csproj", "{B5A4D94C-91C7-4DDA-9E44-588AA32B19AB}"
EndProject
Project("{2150E333-8FDC-42A3-9474-1A3956D46DE8}") = "tests", "tests", "{059E80BE-F596-41CE-ABCA-243EE7987523}"
EndProject
Project("{FAE04EC0-301F-11D3-BF4B-00C04F79EFBC}") = "AlphaVantage.Net.Core.Tests", "tests\AlphaVantage.Net.Core.Tests\AlphaVantage.Net.Core.Tests.csproj", "{591EDA71-AF9B-461B-A41F-54266ACB2C64}"
EndProject
Global
	GlobalSection(SolutionConfigurationPlatforms) = preSolution
		Debug|Any CPU = Debug|Any CPU
		Release|Any CPU = Release|Any CPU
	EndGlobalSection
	GlobalSection(ProjectConfigurationPlatforms) = postSolution
		{6A482C82-3191-4026-9284-2A02DE195A8D}.Debug|Any CPU.ActiveCfg = Debug|Any CPU
		{6A482C82-3191-4026-9284-2A02DE195A8D}.Debug|Any CPU.Build.0 = Debug|Any CPU
		{6A482C82-3191-4026-9284-2A02DE195A8D}.Release|Any CPU.ActiveCfg = Release|Any CPU
		{6A482C82-3191-4026-9284-2A02DE195A8D}.Release|Any CPU.Build.0 = Release|Any CPU
		{B5A4D94C-91C7-4DDA-9E44-588AA32B19AB}.Debug|Any CPU.ActiveCfg = Debug|Any CPU
		{B5A4D94C-91C7-4DDA-9E44-588AA32B19AB}.Debug|Any CPU.Build.0 = Debug|Any CPU
		{B5A4D94C-91C7-4DDA-9E44-588AA32B19AB}.Release|Any CPU.ActiveCfg = Release|Any CPU
		{B5A4D94C-91C7-4DDA-9E44-588AA32B19AB}.Release|Any CPU.Build.0 = Release|Any CPU
		{591EDA71-AF9B-461B-A41F-54266ACB2C64}.Debug|Any CPU.ActiveCfg = Debug|Any CPU
		{591EDA71-AF9B-461B-A41F-54266ACB2C64}.Debug|Any CPU.Build.0 = Debug|Any CPU
		{591EDA71-AF9B-461B-A41F-54266ACB2C64}.Release|Any CPU.ActiveCfg = Release|Any CPU
		{591EDA71-AF9B-461B-A41F-54266ACB2C64}.Release|Any CPU.Build.0 = Release|Any CPU
	EndGlobalSection
	GlobalSection(NestedProjects) = preSolution
		{6A482C82-3191-4026-9284-2A02DE195A8D} = {768F93FA-CA7A-4828-8ECA-BC4EF5433811}
		{B5A4D94C-91C7-4DDA-9E44-588AA32B19AB} = {768F93FA-CA7A-4828-8ECA-BC4EF5433811}
		{591EDA71-AF9B-461B-A41F-54266ACB2C64} = {059E80BE-F596-41CE-ABCA-243EE7987523}
	EndGlobalSection
EndGlobal
